
Microsoft Visual Studio Solution File, Format Version 12.00
# Visual Studio Version 17
VisualStudioVersion = 17.1.32328.378
MinimumVisualStudioVersion = 10.0.40219.1
Project("{FAE04EC0-301F-11D3-BF4B-00C04F79EFBC}") = "Exercise 3 - Variables Advanced", "Exercise 3 - Variables Advanced\Exercise 3 - Variables Advanced.csproj", "{17978C70-D749-46B4-AD37-BC88CC3F10BA}"
EndProject
Global
	GlobalSection(SolutionConfigurationPlatforms) = preSolution
		Debug|Any CPU = Debug|Any CPU
		Release|Any CPU = Release|Any CPU
	EndGlobalSection
	GlobalSection(ProjectConfigurationPlatforms) = postSolution
		{17978C70-D749-46B4-AD37-BC88CC3F10BA}.Debug|Any CPU.ActiveCfg = Debug|Any CPU
		{17978C70-D749-46B4-AD37-BC88CC3F10BA}.Debug|Any CPU.Build.0 = Debug|Any CPU
		{17978C70-D749-46B4-AD37-BC88CC3F10BA}.Release|Any CPU.ActiveCfg = Release|Any CPU
		{17978C70-D749-46B4-AD37-BC88CC3F10BA}.Release|Any CPU.Build.0 = Release|Any CPU
	EndGlobalSection
	GlobalSection(SolutionProperties) = preSolution
		HideSolutionNode = FALSE
	EndGlobalSection
	GlobalSection(ExtensibilityGlobals) = postSolution
		SolutionGuid = {C320E697-94CE-4D18-9AF2-42473031F61D}
	EndGlobalSection
EndGlobal
