
Microsoft Visual Studio Solution File, Format Version 12.00
# Visual Studio Version 17
VisualStudioVersion = 17.8.34330.188
MinimumVisualStudioVersion = 10.0.40219.1
Project("{FAE04EC0-301F-11D3-BF4B-00C04F79EFBC}") = "Project 1 - Pokemon Fight", "Project 1 - Pokemon Fight\Project 1 - Pokemon Fight.csproj", "{9B56432C-A199-40CB-8718-4F737813AF3D}"
EndProject
Global
	GlobalSection(SolutionConfigurationPlatforms) = preSolution
		Debug|Any CPU = Debug|Any CPU
		Release|Any CPU = Release|Any CPU
	EndGlobalSection
	GlobalSection(ProjectConfigurationPlatforms) = postSolution
		{9B56432C-A199-40CB-8718-4F737813AF3D}.Debug|Any CPU.ActiveCfg = Debug|Any CPU
		{9B56432C-A199-40CB-8718-4F737813AF3D}.Debug|Any CPU.Build.0 = Debug|Any CPU
		{9B56432C-A199-40CB-8718-4F737813AF3D}.Release|Any CPU.ActiveCfg = Release|Any CPU
		{9B56432C-A199-40CB-8718-4F737813AF3D}.Release|Any CPU.Build.0 = Release|Any CPU
	EndGlobalSection
	GlobalSection(SolutionProperties) = preSolution
		HideSolutionNode = FALSE
	EndGlobalSection
	GlobalSection(ExtensibilityGlobals) = postSolution
		SolutionGuid = {24F946D8-2192-400A-8E29-DA4A3DD77F76}
	EndGlobalSection
EndGlobal
